
Microsoft Visual Studio Solution File, Format Version 12.00
Project("{FAE04EC0-301F-11D3-BF4B-00C04F79EFBC}") = "Sorter", "Sorter\Sorter.csproj", "{AE740F86-DFAF-4A62-90C9-952519805ACE}"
EndProject
Project("{FAE04EC0-301F-11D3-BF4B-00C04F79EFBC}") = "Test", "Test\Test.csproj", "{497229B1-1C8F-4A55-BAC1-EFEFA8A799D7}"
EndProject
Global
	GlobalSection(SolutionConfigurationPlatforms) = preSolution
		Debug|Any CPU = Debug|Any CPU
		Release|Any CPU = Release|Any CPU
	EndGlobalSection
	GlobalSection(ProjectConfigurationPlatforms) = postSolution
		{AE740F86-DFAF-4A62-90C9-952519805ACE}.Debug|Any CPU.ActiveCfg = Debug|Any CPU
		{AE740F86-DFAF-4A62-90C9-952519805ACE}.Debug|Any CPU.Build.0 = Debug|Any CPU
		{AE740F86-DFAF-4A62-90C9-952519805ACE}.Release|Any CPU.ActiveCfg = Release|Any CPU
		{AE740F86-DFAF-4A62-90C9-952519805ACE}.Release|Any CPU.Build.0 = Release|Any CPU
		{497229B1-1C8F-4A55-BAC1-EFEFA8A799D7}.Debug|Any CPU.ActiveCfg = Debug|Any CPU
		{497229B1-1C8F-4A55-BAC1-EFEFA8A799D7}.Debug|Any CPU.Build.0 = Debug|Any CPU
		{497229B1-1C8F-4A55-BAC1-EFEFA8A799D7}.Release|Any CPU.ActiveCfg = Release|Any CPU
		{497229B1-1C8F-4A55-BAC1-EFEFA8A799D7}.Release|Any CPU.Build.0 = Release|Any CPU
	EndGlobalSection
EndGlobal
